<?xml version="1.0" encoding="UTF-8" standalone="yes" ?>
<CodeBlocks_project_file>
   <FileVersion major="1" minor="6" />
   <Project>
      <Option title="Semantic_Perception" />
      <Option makefile_is_custom="1" />
      <Option compiler="gcc" />
      <Option virtualFolders="CMake Files\;" />
      <Build>
      <Target title="all">
         <Option working_dir="/home/revinci/code/workspaces/qt_ws/Semantic_Perception/devel" />
         <Option type="4" />
         <MakeCommands>
            <Build command="/usr/bin/make -f &quot;/home/revinci/code/workspaces/qt_ws/Semantic_Perception/devel/Makefile&quot;  VERBOSE=1 all" />
            <CompileFile command="/usr/bin/make -f &quot;/home/revinci/code/workspaces/qt_ws/Semantic_Perception/devel/Makefile&quot;  VERBOSE=1 &quot;$file&quot;" />
            <Clean command="/usr/bin/make -f &quot;/home/revinci/code/workspaces/qt_ws/Semantic_Perception/devel/Makefile&quot;  VERBOSE=1 clean" />
            <DistClean command="/usr/bin/make -f &quot;/home/revinci/code/workspaces/qt_ws/Semantic_Perception/devel/Makefile&quot;  VERBOSE=1 clean" />
         </MakeCommands>
      </Target>
      <Target title="VigraImpex">
         <Option output="/home/revinci/code/workspaces/qt_ws/Semantic_Perception/devel/libVigraImpex.a" prefix_auto="0" extension_auto="0" />
         <Option working_dir="/home/revinci/code/workspaces/qt_ws/Semantic_Perception/devel" />
         <Option object_output="./" />
         <Option type="2" />
         <Option compiler="gcc" />
         <Compiler>
            <Add directory="/home/revinci/code/workspaces/qt_ws/Semantic_Perception/include" />
            <Add directory="/opt/ros/indigo/include" />
            <Add directory="/usr/include" />
            <Add directory="/usr/include/c++/4.8" />
            <Add directory="/usr/include/c++/4.8/backward" />
            <Add directory="/usr/include/x86_64-linux-gnu" />
            <Add directory="/usr/include/x86_64-linux-gnu/c++/4.8" />
            <Add directory="/usr/lib/gcc/x86_64-linux-gnu/4.8/include" />
            <Add directory="/usr/lib/gcc/x86_64-linux-gnu/4.8/include-fixed" />
            <Add directory="/usr/local/include" />
         </Compiler>
         <MakeCommands>
            <Build command="/usr/bin/make -f &quot;/home/revinci/code/workspaces/qt_ws/Semantic_Perception/devel/Makefile&quot;  VERBOSE=1 VigraImpex" />
            <CompileFile command="/usr/bin/make -f &quot;/home/revinci/code/workspaces/qt_ws/Semantic_Perception/devel/Makefile&quot;  VERBOSE=1 &quot;$file&quot;" />
            <Clean command="/usr/bin/make -f &quot;/home/revinci/code/workspaces/qt_ws/Semantic_Perception/devel/Makefile&quot;  VERBOSE=1 clean" />
            <DistClean command="/usr/bin/make -f &quot;/home/revinci/code/workspaces/qt_ws/Semantic_Perception/devel/Makefile&quot;  VERBOSE=1 clean" />
         </MakeCommands>
      </Target>
      <Target title="VigraImpex/fast">
         <Option output="/home/revinci/code/workspaces/qt_ws/Semantic_Perception/devel/libVigraImpex.a" prefix_auto="0" extension_auto="0" />
         <Option working_dir="/home/revinci/code/workspaces/qt_ws/Semantic_Perception/devel" />
         <Option object_output="./" />
         <Option type="2" />
         <Option compiler="gcc" />
         <Compiler>
            <Add directory="/home/revinci/code/workspaces/qt_ws/Semantic_Perception/include" />
            <Add directory="/opt/ros/indigo/include" />
            <Add directory="/usr/include" />
            <Add directory="/usr/include/c++/4.8" />
            <Add directory="/usr/include/c++/4.8/backward" />
            <Add directory="/usr/include/x86_64-linux-gnu" />
            <Add directory="/usr/include/x86_64-linux-gnu/c++/4.8" />
            <Add directory="/usr/lib/gcc/x86_64-linux-gnu/4.8/include" />
            <Add directory="/usr/lib/gcc/x86_64-linux-gnu/4.8/include-fixed" />
            <Add directory="/usr/local/include" />
         </Compiler>
         <MakeCommands>
            <Build command="/usr/bin/make -f &quot;/home/revinci/code/workspaces/qt_ws/Semantic_Perception/devel/Makefile&quot;  VERBOSE=1 VigraImpex/fast" />
            <CompileFile command="/usr/bin/make -f &quot;/home/revinci/code/workspaces/qt_ws/Semantic_Perception/devel/Makefile&quot;  VERBOSE=1 &quot;$file&quot;" />
            <Clean command="/usr/bin/make -f &quot;/home/revinci/code/workspaces/qt_ws/Semantic_Perception/devel/Makefile&quot;  VERBOSE=1 clean" />
            <DistClean command="/usr/bin/make -f &quot;/home/revinci/code/workspaces/qt_ws/Semantic_Perception/devel/Makefile&quot;  VERBOSE=1 clean" />
         </MakeCommands>
      </Target>
      <Target title="arma_test">
         <Option output="/home/revinci/code/workspaces/qt_ws/Semantic_Perception/devel/arma_test" prefix_auto="0" extension_auto="0" />
         <Option working_dir="/home/revinci/code/workspaces/qt_ws/Semantic_Perception/devel" />
         <Option object_output="./" />
         <Option type="1" />
         <Option compiler="gcc" />
         <Compiler>
            <Add directory="/home/revinci/code/workspaces/qt_ws/Semantic_Perception/include" />
            <Add directory="/opt/ros/indigo/include" />
            <Add directory="/usr/include" />
            <Add directory="/usr/include/c++/4.8" />
            <Add directory="/usr/include/c++/4.8/backward" />
            <Add directory="/usr/include/x86_64-linux-gnu" />
            <Add directory="/usr/include/x86_64-linux-gnu/c++/4.8" />
            <Add directory="/usr/lib/gcc/x86_64-linux-gnu/4.8/include" />
            <Add directory="/usr/lib/gcc/x86_64-linux-gnu/4.8/include-fixed" />
            <Add directory="/usr/local/include" />
         </Compiler>
         <MakeCommands>
            <Build command="/usr/bin/make -f &quot;/home/revinci/code/workspaces/qt_ws/Semantic_Perception/devel/Makefile&quot;  VERBOSE=1 arma_test" />
            <CompileFile command="/usr/bin/make -f &quot;/home/revinci/code/workspaces/qt_ws/Semantic_Perception/devel/Makefile&quot;  VERBOSE=1 &quot;$file&quot;" />
            <Clean command="/usr/bin/make -f &quot;/home/revinci/code/workspaces/qt_ws/Semantic_Perception/devel/Makefile&quot;  VERBOSE=1 clean" />
            <DistClean command="/usr/bin/make -f &quot;/home/revinci/code/workspaces/qt_ws/Semantic_Perception/devel/Makefile&quot;  VERBOSE=1 clean" />
         </MakeCommands>
      </Target>
      <Target title="arma_test/fast">
         <Option output="/home/revinci/code/workspaces/qt_ws/Semantic_Perception/devel/arma_test" prefix_auto="0" extension_auto="0" />
         <Option working_dir="/home/revinci/code/workspaces/qt_ws/Semantic_Perception/devel" />
         <Option object_output="./" />
         <Option type="1" />
         <Option compiler="gcc" />
         <Compiler>
            <Add directory="/home/revinci/code/workspaces/qt_ws/Semantic_Perception/include" />
            <Add directory="/opt/ros/indigo/include" />
            <Add directory="/usr/include" />
            <Add directory="/usr/include/c++/4.8" />
            <Add directory="/usr/include/c++/4.8/backward" />
            <Add directory="/usr/include/x86_64-linux-gnu" />
            <Add directory="/usr/include/x86_64-linux-gnu/c++/4.8" />
            <Add directory="/usr/lib/gcc/x86_64-linux-gnu/4.8/include" />
            <Add directory="/usr/lib/gcc/x86_64-linux-gnu/4.8/include-fixed" />
            <Add directory="/usr/local/include" />
         </Compiler>
         <MakeCommands>
            <Build command="/usr/bin/make -f &quot;/home/revinci/code/workspaces/qt_ws/Semantic_Perception/devel/Makefile&quot;  VERBOSE=1 arma_test/fast" />
            <CompileFile command="/usr/bin/make -f &quot;/home/revinci/code/workspaces/qt_ws/Semantic_Perception/devel/Makefile&quot;  VERBOSE=1 &quot;$file&quot;" />
            <Clean command="/usr/bin/make -f &quot;/home/revinci/code/workspaces/qt_ws/Semantic_Perception/devel/Makefile&quot;  VERBOSE=1 clean" />
            <DistClean command="/usr/bin/make -f &quot;/home/revinci/code/workspaces/qt_ws/Semantic_Perception/devel/Makefile&quot;  VERBOSE=1 clean" />
         </MakeCommands>
      </Target>
      <Target title="features_slic">
         <Option output="/home/revinci/code/workspaces/qt_ws/Semantic_Perception/devel/features_slic" prefix_auto="0" extension_auto="0" />
         <Option working_dir="/home/revinci/code/workspaces/qt_ws/Semantic_Perception/devel" />
         <Option object_output="./" />
         <Option type="1" />
         <Option compiler="gcc" />
         <Compiler>
            <Add directory="/home/revinci/code/workspaces/qt_ws/Semantic_Perception/include" />
            <Add directory="/opt/ros/indigo/include" />
            <Add directory="/usr/include" />
            <Add directory="/usr/include/c++/4.8" />
            <Add directory="/usr/include/c++/4.8/backward" />
            <Add directory="/usr/include/x86_64-linux-gnu" />
            <Add directory="/usr/include/x86_64-linux-gnu/c++/4.8" />
            <Add directory="/usr/lib/gcc/x86_64-linux-gnu/4.8/include" />
            <Add directory="/usr/lib/gcc/x86_64-linux-gnu/4.8/include-fixed" />
            <Add directory="/usr/local/include" />
         </Compiler>
         <MakeCommands>
            <Build command="/usr/bin/make -f &quot;/home/revinci/code/workspaces/qt_ws/Semantic_Perception/devel/Makefile&quot;  VERBOSE=1 features_slic" />
            <CompileFile command="/usr/bin/make -f &quot;/home/revinci/code/workspaces/qt_ws/Semantic_Perception/devel/Makefile&quot;  VERBOSE=1 &quot;$file&quot;" />
            <Clean command="/usr/bin/make -f &quot;/home/revinci/code/workspaces/qt_ws/Semantic_Perception/devel/Makefile&quot;  VERBOSE=1 clean" />
            <DistClean command="/usr/bin/make -f &quot;/home/revinci/code/workspaces/qt_ws/Semantic_Perception/devel/Makefile&quot;  VERBOSE=1 clean" />
         </MakeCommands>
      </Target>
      <Target title="features_slic/fast">
         <Option output="/home/revinci/code/workspaces/qt_ws/Semantic_Perception/devel/features_slic" prefix_auto="0" extension_auto="0" />
         <Option working_dir="/home/revinci/code/workspaces/qt_ws/Semantic_Perception/devel" />
         <Option object_output="./" />
         <Option type="1" />
         <Option compiler="gcc" />
         <Compiler>
            <Add directory="/home/revinci/code/workspaces/qt_ws/Semantic_Perception/include" />
            <Add directory="/opt/ros/indigo/include" />
            <Add directory="/usr/include" />
            <Add directory="/usr/include/c++/4.8" />
            <Add directory="/usr/include/c++/4.8/backward" />
            <Add directory="/usr/include/x86_64-linux-gnu" />
            <Add directory="/usr/include/x86_64-linux-gnu/c++/4.8" />
            <Add directory="/usr/lib/gcc/x86_64-linux-gnu/4.8/include" />
            <Add directory="/usr/lib/gcc/x86_64-linux-gnu/4.8/include-fixed" />
            <Add directory="/usr/local/include" />
         </Compiler>
         <MakeCommands>
            <Build command="/usr/bin/make -f &quot;/home/revinci/code/workspaces/qt_ws/Semantic_Perception/devel/Makefile&quot;  VERBOSE=1 features_slic/fast" />
            <CompileFile command="/usr/bin/make -f &quot;/home/revinci/code/workspaces/qt_ws/Semantic_Perception/devel/Makefile&quot;  VERBOSE=1 &quot;$file&quot;" />
            <Clean command="/usr/bin/make -f &quot;/home/revinci/code/workspaces/qt_ws/Semantic_Perception/devel/Makefile&quot;  VERBOSE=1 clean" />
            <DistClean command="/usr/bin/make -f &quot;/home/revinci/code/workspaces/qt_ws/Semantic_Perception/devel/Makefile&quot;  VERBOSE=1 clean" />
         </MakeCommands>
      </Target>
      <Target title="rebuild_cache">
         <Option working_dir="/home/revinci/code/workspaces/qt_ws/Semantic_Perception/devel" />
         <Option type="4" />
         <MakeCommands>
            <Build command="/usr/bin/make -f &quot;/home/revinci/code/workspaces/qt_ws/Semantic_Perception/devel/Makefile&quot;  VERBOSE=1 rebuild_cache" />
            <CompileFile command="/usr/bin/make -f &quot;/home/revinci/code/workspaces/qt_ws/Semantic_Perception/devel/Makefile&quot;  VERBOSE=1 &quot;$file&quot;" />
            <Clean command="/usr/bin/make -f &quot;/home/revinci/code/workspaces/qt_ws/Semantic_Perception/devel/Makefile&quot;  VERBOSE=1 clean" />
            <DistClean command="/usr/bin/make -f &quot;/home/revinci/code/workspaces/qt_ws/Semantic_Perception/devel/Makefile&quot;  VERBOSE=1 clean" />
         </MakeCommands>
      </Target>
      <Target title="slic_test">
         <Option output="/home/revinci/code/workspaces/qt_ws/Semantic_Perception/devel/slic_test" prefix_auto="0" extension_auto="0" />
         <Option working_dir="/home/revinci/code/workspaces/qt_ws/Semantic_Perception/devel" />
         <Option object_output="./" />
         <Option type="1" />
         <Option compiler="gcc" />
         <Compiler>
            <Add directory="/home/revinci/code/workspaces/qt_ws/Semantic_Perception/include" />
            <Add directory="/opt/ros/indigo/include" />
            <Add directory="/usr/include" />
            <Add directory="/usr/include/c++/4.8" />
            <Add directory="/usr/include/c++/4.8/backward" />
            <Add directory="/usr/include/x86_64-linux-gnu" />
            <Add directory="/usr/include/x86_64-linux-gnu/c++/4.8" />
            <Add directory="/usr/lib/gcc/x86_64-linux-gnu/4.8/include" />
            <Add directory="/usr/lib/gcc/x86_64-linux-gnu/4.8/include-fixed" />
            <Add directory="/usr/local/include" />
         </Compiler>
         <MakeCommands>
            <Build command="/usr/bin/make -f &quot;/home/revinci/code/workspaces/qt_ws/Semantic_Perception/devel/Makefile&quot;  VERBOSE=1 slic_test" />
            <CompileFile command="/usr/bin/make -f &quot;/home/revinci/code/workspaces/qt_ws/Semantic_Perception/devel/Makefile&quot;  VERBOSE=1 &quot;$file&quot;" />
            <Clean command="/usr/bin/make -f &quot;/home/revinci/code/workspaces/qt_ws/Semantic_Perception/devel/Makefile&quot;  VERBOSE=1 clean" />
            <DistClean command="/usr/bin/make -f &quot;/home/revinci/code/workspaces/qt_ws/Semantic_Perception/devel/Makefile&quot;  VERBOSE=1 clean" />
         </MakeCommands>
      </Target>
      <Target title="slic_test/fast">
         <Option output="/home/revinci/code/workspaces/qt_ws/Semantic_Perception/devel/slic_test" prefix_auto="0" extension_auto="0" />
         <Option working_dir="/home/revinci/code/workspaces/qt_ws/Semantic_Perception/devel" />
         <Option object_output="./" />
         <Option type="1" />
         <Option compiler="gcc" />
         <Compiler>
            <Add directory="/home/revinci/code/workspaces/qt_ws/Semantic_Perception/include" />
            <Add directory="/opt/ros/indigo/include" />
            <Add directory="/usr/include" />
            <Add directory="/usr/include/c++/4.8" />
            <Add directory="/usr/include/c++/4.8/backward" />
            <Add directory="/usr/include/x86_64-linux-gnu" />
            <Add directory="/usr/include/x86_64-linux-gnu/c++/4.8" />
            <Add directory="/usr/lib/gcc/x86_64-linux-gnu/4.8/include" />
            <Add directory="/usr/lib/gcc/x86_64-linux-gnu/4.8/include-fixed" />
            <Add directory="/usr/local/include" />
         </Compiler>
         <MakeCommands>
            <Build command="/usr/bin/make -f &quot;/home/revinci/code/workspaces/qt_ws/Semantic_Perception/devel/Makefile&quot;  VERBOSE=1 slic_test/fast" />
            <CompileFile command="/usr/bin/make -f &quot;/home/revinci/code/workspaces/qt_ws/Semantic_Perception/devel/Makefile&quot;  VERBOSE=1 &quot;$file&quot;" />
            <Clean command="/usr/bin/make -f &quot;/home/revinci/code/workspaces/qt_ws/Semantic_Perception/devel/Makefile&quot;  VERBOSE=1 clean" />
            <DistClean command="/usr/bin/make -f &quot;/home/revinci/code/workspaces/qt_ws/Semantic_Perception/devel/Makefile&quot;  VERBOSE=1 clean" />
         </MakeCommands>
      </Target>
      </Build>
      <Unit filename="/home/revinci/code/workspaces/qt_ws/Semantic_Perception/include/impex/bmp.cxx">
      </Unit>
      <Unit filename="/home/revinci/code/workspaces/qt_ws/Semantic_Perception/include/impex/byteorder.cxx">
      </Unit>
      <Unit filename="/home/revinci/code/workspaces/qt_ws/Semantic_Perception/include/impex/codecmanager.cxx">
      </Unit>
      <Unit filename="/home/revinci/code/workspaces/qt_ws/Semantic_Perception/include/impex/exr.cxx">
      </Unit>
      <Unit filename="/home/revinci/code/workspaces/qt_ws/Semantic_Perception/include/impex/gif.cxx">
      </Unit>
      <Unit filename="/home/revinci/code/workspaces/qt_ws/Semantic_Perception/include/impex/hdf5_rf_impex.cxx">
      </Unit>
      <Unit filename="/home/revinci/code/workspaces/qt_ws/Semantic_Perception/include/impex/hdf5impex.cxx">
      </Unit>
      <Unit filename="/home/revinci/code/workspaces/qt_ws/Semantic_Perception/include/impex/hdr.cxx">
      </Unit>
      <Unit filename="/home/revinci/code/workspaces/qt_ws/Semantic_Perception/include/impex/iccjpeg.c">
      </Unit>
      <Unit filename="/home/revinci/code/workspaces/qt_ws/Semantic_Perception/include/impex/imageinfo.cxx">
      </Unit>
      <Unit filename="/home/revinci/code/workspaces/qt_ws/Semantic_Perception/include/impex/jpeg.cxx">
      </Unit>
      <Unit filename="/home/revinci/code/workspaces/qt_ws/Semantic_Perception/include/impex/png.cxx">
      </Unit>
      <Unit filename="/home/revinci/code/workspaces/qt_ws/Semantic_Perception/include/impex/pnm.cxx">
      </Unit>
      <Unit filename="/home/revinci/code/workspaces/qt_ws/Semantic_Perception/include/impex/rgbe.c">
      </Unit>
      <Unit filename="/home/revinci/code/workspaces/qt_ws/Semantic_Perception/include/impex/sifImport.cxx">
      </Unit>
      <Unit filename="/home/revinci/code/workspaces/qt_ws/Semantic_Perception/include/impex/sun.cxx">
      </Unit>
      <Unit filename="/home/revinci/code/workspaces/qt_ws/Semantic_Perception/include/impex/tiff.cxx">
      </Unit>
      <Unit filename="/home/revinci/code/workspaces/qt_ws/Semantic_Perception/include/impex/viff.cxx">
      </Unit>
      <Unit filename="/home/revinci/code/workspaces/qt_ws/Semantic_Perception/include/impex/void_vector.cxx">
      </Unit>
      <Unit filename="/home/revinci/code/workspaces/qt_ws/Semantic_Perception/src/arma_test.cpp">
      </Unit>
      <Unit filename="/home/revinci/code/workspaces/qt_ws/Semantic_Perception/src/features_slic.cpp">
      </Unit>
      <Unit filename="/home/revinci/code/workspaces/qt_ws/Semantic_Perception/src/slic_test.cpp">
      </Unit>
      <Unit filename="/home/revinci/code/workspaces/qt_ws/Semantic_Perception/include/impex/CMakeCache.txt">
      </Unit>
      <Unit filename="/home/revinci/code/workspaces/qt_ws/Semantic_Perception/include/impex/CMakeFiles/cmake.check_cache">
      </Unit>
      <Unit filename="/home/revinci/code/workspaces/qt_ws/Semantic_Perception/include/impex/CMakeLists.txt">
      </Unit>
      <Unit filename="/home/revinci/code/workspaces/qt_ws/Semantic_Perception/include/impex/auto_file.hxx">
      </Unit>
      <Unit filename="/home/revinci/code/workspaces/qt_ws/Semantic_Perception/include/impex/bmp.hxx">
      </Unit>
      <Unit filename="/home/revinci/code/workspaces/qt_ws/Semantic_Perception/include/impex/byteorder.hxx">
      </Unit>
      <Unit filename="/home/revinci/code/workspaces/qt_ws/Semantic_Perception/include/impex/codecmanager.hxx">
      </Unit>
      <Unit filename="/home/revinci/code/workspaces/qt_ws/Semantic_Perception/include/impex/error.hxx">
      </Unit>
      <Unit filename="/home/revinci/code/workspaces/qt_ws/Semantic_Perception/include/impex/exr.hxx">
      </Unit>
      <Unit filename="/home/revinci/code/workspaces/qt_ws/Semantic_Perception/include/impex/gif.hxx">
      </Unit>
      <Unit filename="/home/revinci/code/workspaces/qt_ws/Semantic_Perception/include/impex/hdr.hxx">
      </Unit>
      <Unit filename="/home/revinci/code/workspaces/qt_ws/Semantic_Perception/include/impex/iccjpeg.h">
      </Unit>
      <Unit filename="/home/revinci/code/workspaces/qt_ws/Semantic_Perception/include/impex/jpeg.hxx">
      </Unit>
      <Unit filename="/home/revinci/code/workspaces/qt_ws/Semantic_Perception/include/impex/png.hxx">
      </Unit>
      <Unit filename="/home/revinci/code/workspaces/qt_ws/Semantic_Perception/include/impex/pnm.hxx">
      </Unit>
      <Unit filename="/home/revinci/code/workspaces/qt_ws/Semantic_Perception/include/impex/rgbe.h">
      </Unit>
      <Unit filename="/home/revinci/code/workspaces/qt_ws/Semantic_Perception/include/impex/sun.hxx">
      </Unit>
      <Unit filename="/home/revinci/code/workspaces/qt_ws/Semantic_Perception/include/impex/tiff.hxx">
      </Unit>
      <Unit filename="/home/revinci/code/workspaces/qt_ws/Semantic_Perception/include/impex/viff.hxx">
      </Unit>
      <Unit filename="/home/revinci/code/workspaces/qt_ws/Semantic_Perception/include/impex/void_vector.hxx">
      </Unit>
      <Unit filename="/home/revinci/code/workspaces/qt_ws/Semantic_Perception/CMakeLists.txt">
          <Option virtualFolder="CMake Files\" />
      </Unit>
   </Project>
</CodeBlocks_project_file>
